// !$*UTF8*$!
{
	archiveVersion = 1;
	classes = {
	};
	objectVersion = 56;
	objects = {

/* Begin PBXBuildFile section */
		977E1BB52B045BCE0011F1D6 /* HotelDetail.swift in Sources */ = {isa = PBXBuildFile; fileRef = 977E1BB42B045BCE0011F1D6 /* HotelDetail.swift */; };
		9784C5552AF4890400742B8C /* EverythingShopApp.swift in Sources */ = {isa = PBXBuildFile; fileRef = 9784C5542AF4890400742B8C /* EverythingShopApp.swift */; };
		9784C5572AF4890400742B8C /* ContentView.swift in Sources */ = {isa = PBXBuildFile; fileRef = 9784C5562AF4890400742B8C /* ContentView.swift */; };
		9784C5592AF4890600742B8C /* Assets.xcassets in Resources */ = {isa = PBXBuildFile; fileRef = 9784C5582AF4890600742B8C /* Assets.xcassets */; };
		9784C55C2AF4890600742B8C /* Preview Assets.xcassets in Resources */ = {isa = PBXBuildFile; fileRef = 9784C55B2AF4890600742B8C /* Preview Assets.xcassets */; };
		9784C5632AF489DD00742B8C /* Product.swift in Sources */ = {isa = PBXBuildFile; fileRef = 9784C5622AF489DD00742B8C /* Product.swift */; };
		9784C5662AF48A9500742B8C /* CartManager.swift in Sources */ = {isa = PBXBuildFile; fileRef = 9784C5652AF48A9500742B8C /* CartManager.swift */; };
		9784C5682AF48C9E00742B8C /* ProductCard.swift in Sources */ = {isa = PBXBuildFile; fileRef = 9784C5672AF48C9D00742B8C /* ProductCard.swift */; };
/* End PBXBuildFile section */

/* Begin PBXFileReference section */
		977E1BB42B045BCE0011F1D6 /* HotelDetail.swift */ = {isa = PBXFileReference; lastKnownFileType = sourcecode.swift; path = HotelDetail.swift; sourceTree = "<group>"; };
		9784C5512AF4890400742B8C /* EverythingShop.app */ = {isa = PBXFileReference; explicitFileType = wrapper.application; includeInIndex = 0; path = EverythingShop.app; sourceTree = BUILT_PRODUCTS_DIR; };
		9784C5542AF4890400742B8C /* EverythingShopApp.swift */ = {isa = PBXFileReference; lastKnownFileType = sourcecode.swift; path = EverythingShopApp.swift; sourceTree = "<group>"; };
		9784C5562AF4890400742B8C /* ContentView.swift */ = {isa = PBXFileReference; lastKnownFileType = sourcecode.swift; path = ContentView.swift; sourceTree = "<group>"; };
		9784C5582AF4890600742B8C /* Assets.xcassets */ = {isa = PBXFileReference; lastKnownFileType = folder.assetcatalog; path = Assets.xcassets; sourceTree = "<group>"; };
		9784C55B2AF4890600742B8C /* Preview Assets.xcassets */ = {isa = PBXFileReference; lastKnownFileType = folder.assetcatalog; path = "Preview Assets.xcassets"; sourceTree = "<group>"; };
		9784C5622AF489DD00742B8C /* Product.swift */ = {isa = PBXFileReference; lastKnownFileType = sourcecode.swift; path = Product.swift; sourceTree = "<group>"; };
		9784C5652AF48A9500742B8C /* CartManager.swift */ = {isa = PBXFileReference; lastKnownFileType = sourcecode.swift; path = CartManager.swift; sourceTree = "<group>"; };
		9784C5672AF48C9D00742B8C /* ProductCard.swift */ = {isa = PBXFileReference; lastKnownFileType = sourcecode.swift; path = ProductCard.swift; sourceTree = "<group>"; };
/* End PBXFileReference section */

/* Begin PBXFrameworksBuildPhase section */
		9784C54E2AF4890300742B8C /* Frameworks */ = {
			isa = PBXFrameworksBuildPhase;
			buildActionMask = 2147483647;
			files = (
			);
			runOnlyForDeploymentPostprocessing = 0;
		};
/* End PBXFrameworksBuildPhase section */

/* Begin PBXGroup section */
		977E1BB62B045BDF0011F1D6 /* ViewComponent */ = {
			isa = PBXGroup;
			children = (
				977E1BB42B045BCE0011F1D6 /* HotelDetail.swift */,
			);
			path = ViewComponent;
			sourceTree = "<group>";
		};
		9784C5482AF4890300742B8C = {
			isa = PBXGroup;
			children = (
				9784C5532AF4890400742B8C /* EverythingShop */,
				9784C5522AF4890400742B8C /* Products */,
			);
			sourceTree = "<group>";
		};
		9784C5522AF4890400742B8C /* Products */ = {
			isa = PBXGroup;
			children = (
				9784C5512AF4890400742B8C /* EverythingShop.app */,
			);
			name = Products;
			sourceTree = "<group>";
		};
		9784C5532AF4890400742B8C /* EverythingShop */ = {
			isa = PBXGroup;
			children = (
				9784C5542AF4890400742B8C /* EverythingShopApp.swift */,
				9784C5562AF4890400742B8C /* ContentView.swift */,
				977E1BB62B045BDF0011F1D6 /* ViewComponent */,
				9784C5652AF48A9500742B8C /* CartManager.swift */,
				9784C5692AF48CA300742B8C /* Component */,
				9784C5642AF489E300742B8C /* Model */,
				9784C5582AF4890600742B8C /* Assets.xcassets */,
				9784C55A2AF4890600742B8C /* Preview Content */,
			);
			path = EverythingShop;
			sourceTree = "<group>";
		};
		9784C55A2AF4890600742B8C /* Preview Content */ = {
			isa = PBXGroup;
			children = (
				9784C55B2AF4890600742B8C /* Preview Assets.xcassets */,
			);
			path = "Preview Content";
			sourceTree = "<group>";
		};
		9784C5642AF489E300742B8C /* Model */ = {
			isa = PBXGroup;
			children = (
				9784C5622AF489DD00742B8C /* Product.swift */,
			);
			path = Model;
			sourceTree = "<group>";
		};
		9784C5692AF48CA300742B8C /* Component */ = {
			isa = PBXGroup;
			children = (
				9784C5672AF48C9D00742B8C /* ProductCard.swift */,
			);
			path = Component;
			sourceTree = "<group>";
		};
/* End PBXGroup section */

/* Begin PBXNativeTarget section */
		9784C5502AF4890300742B8C /* EverythingShop */ = {
			isa = PBXNativeTarget;
			buildConfigurationList = 9784C55F2AF4890600742B8C /* Build configuration list for PBXNativeTarget "EverythingShop" */;
			buildPhases = (
				9784C54D2AF4890300742B8C /* Sources */,
				9784C54E2AF4890300742B8C /* Frameworks */,
				9784C54F2AF4890300742B8C /* Resources */,
			);
			buildRules = (
			);
			dependencies = (
			);
			name = EverythingShop;
			productName = EverythingShop;
			productReference = 9784C5512AF4890400742B8C /* EverythingShop.app */;
			productType = "com.apple.product-type.application";
		};
/* End PBXNativeTarget section */

/* Begin PBXProject section */
		9784C5492AF4890300742B8C /* Project object */ = {
			isa = PBXProject;
			attributes = {
				BuildIndependentTargetsInParallel = 1;
				LastSwiftUpdateCheck = 1500;
				LastUpgradeCheck = 1500;
				TargetAttributes = {
					9784C5502AF4890300742B8C = {
						CreatedOnToolsVersion = 15.0;
					};
				};
			};
			buildConfigurationList = 9784C54C2AF4890300742B8C /* Build configuration list for PBXProject "EverythingShop" */;
			compatibilityVersion = "Xcode 14.0";
			developmentRegion = en;
			hasScannedForEncodings = 0;
			knownRegions = (
				en,
				Base,
			);
			mainGroup = 9784C5482AF4890300742B8C;
			productRefGroup = 9784C5522AF4890400742B8C /* Products */;
			projectDirPath = "";
			projectRoot = "";
			targets = (
				9784C5502AF4890300742B8C /* EverythingShop */,
			);
		};
/* End PBXProject section */

/* Begin PBXResourcesBuildPhase section */
		9784C54F2AF4890300742B8C /* Resources */ = {
			isa = PBXResourcesBuildPhase;
			buildActionMask = 2147483647;
			files = (
				9784C55C2AF4890600742B8C /* Preview Assets.xcassets in Resources */,
				9784C5592AF4890600742B8C /* Assets.xcassets in Resources */,
			);
			runOnlyForDeploymentPostprocessing = 0;
		};
/* End PBXResourcesBuildPhase section */

/* Begin PBXSourcesBuildPhase section */
		9784C54D2AF4890300742B8C /* Sources */ = {
			isa = PBXSourcesBuildPhase;
			buildActionMask = 2147483647;
			files = (
				9784C5572AF4890400742B8C /* ContentView.swift in Sources */,
				977E1BB52B045BCE0011F1D6 /* HotelDetail.swift in Sources */,
				9784C5662AF48A9500742B8C /* CartManager.swift in Sources */,
				9784C5552AF4890400742B8C /* EverythingShopApp.swift in Sources */,
				9784C5682AF48C9E00742B8C /* ProductCard.swift in Sources */,
				9784C5632AF489DD00742B8C /* Product.swift in Sources */,
			);
			runOnlyForDeploymentPostprocessing = 0;
		};
/* End PBXSourcesBuildPhase section */

/* Begin XCBuildConfiguration section */
		9784C55D2AF4890600742B8C /* Debug */ = {
			isa = XCBuildConfiguration;
			buildSettings = {
				ALWAYS_SEARCH_USER_PATHS = NO;
				ASSETCATALOG_COMPILER_GENERATE_SWIFT_ASSET_SYMBOL_EXTENSIONS = YES;
				CLANG_ANALYZER_NONNULL = YES;
				CLANG_ANALYZER_NUMBER_OBJECT_CONVERSION = YES_AGGRESSIVE;
				CLANG_CXX_LANGUAGE_STANDARD = "gnu++20";
				CLANG_ENABLE_MODULES = YES;
				CLANG_ENABLE_OBJC_ARC = YES;
				CLANG_ENABLE_OBJC_WEAK = YES;
				CLANG_WARN_BLOCK_CAPTURE_AUTORELEASING = YES;
				CLANG_WARN_BOOL_CONVERSION = YES;
				CLANG_WARN_COMMA = YES;
				CLANG_WARN_CONSTANT_CONVERSION = YES;
				CLANG_WARN_DEPRECATED_OBJC_IMPLEMENTATIONS = YES;
				CLANG_WARN_DIRECT_OBJC_ISA_USAGE = YES_ERROR;
				CLANG_WARN_DOCUMENTATION_COMMENTS = YES;
				CLANG_WARN_EMPTY_BODY = YES;
				CLANG_WARN_ENUM_CONVERSION = YES;
				CLANG_WARN_INFINITE_RECURSION = YES;
				CLANG_WARN_INT_CONVERSION = YES;
				CLANG_WARN_NON_LITERAL_NULL_CONVERSION = YES;
				CLANG_WARN_OBJC_IMPLICIT_RETAIN_SELF = YES;
				CLANG_WARN_OBJC_LITERAL_CONVERSION = YES;
				CLANG_WARN_OBJC_ROOT_CLASS = YES_ERROR;
				CLANG_WARN_QUOTED_INCLUDE_IN_FRAMEWORK_HEADER = YES;
				CLANG_WARN_RANGE_LOOP_ANALYSIS = YES;
				CLANG_WARN_STRICT_PROTOTYPES = YES;
				CLANG_WARN_SUSPICIOUS_MOVE = YES;
				CLANG_WARN_UNGUARDED_AVAILABILITY = YES_AGGRESSIVE;
				CLANG_WARN_UNREACHABLE_CODE = YES;
				CLANG_WARN__DUPLICATE_METHOD_MATCH = YES;
				COPY_PHASE_STRIP = NO;
				DEBUG_INFORMATION_FORMAT = dwarf;
				ENABLE_STRICT_OBJC_MSGSEND = YES;
				ENABLE_TESTABILITY = YES;
				ENABLE_USER_SCRIPT_SANDBOXING = YES;
				GCC_C_LANGUAGE_STANDARD = gnu17;
				GCC_DYNAMIC_NO_PIC = NO;
				GCC_NO_COMMON_BLOCKS = YES;
				GCC_OPTIMIZATION_LEVEL = 0;
				GCC_PREPROCESSOR_DEFINITIONS = (
					"DEBUG=1",
					"$(inherited)",
				);
				GCC_WARN_64_TO_32_BIT_CONVERSION = YES;
				GCC_WARN_ABOUT_RETURN_TYPE = YES_ERROR;
				GCC_WARN_UNDECLARED_SELECTOR = YES;
				GCC_WARN_UNINITIALIZED_AUTOS = YES_AGGRESSIVE;
				GCC_WARN_UNUSED_FUNCTION = YES;
				GCC_WARN_UNUSED_VARIABLE = YES;
				IPHONEOS_DEPLOYMENT_TARGET = 17.0;
				LOCALIZATION_PREFERS_STRING_CATALOGS = YES;
				MTL_ENABLE_DEBUG_INFO = INCLUDE_SOURCE;
				MTL_FAST_MATH = YES;
				ONLY_ACTIVE_ARCH = YES;
				SDKROOT = iphoneos;
				SWIFT_ACTIVE_COMPILATION_CONDITIONS = "DEBUG $(inherited)";
				SWIFT_OPTIMIZATION_LEVEL = "-Onone";
			};
			name = Debug;
		};
		9784C55E2AF4890600742B8C /* Release */ = {
			isa = XCBuildConfiguration;
			buildSettings = {
				ALWAYS_SEARCH_USER_PATHS = NO;
				ASSETCATALOG_COMPILER_GENERATE_SWIFT_ASSET_SYMBOL_EXTENSIONS = YES;
				CLANG_ANALYZER_NONNULL = YES;
				CLANG_ANALYZER_NUMBER_OBJECT_CONVERSION = YES_AGGRESSIVE;
				CLANG_CXX_LANGUAGE_STANDARD = "gnu++20";
				CLANG_ENABLE_MODULES = YES;
				CLANG_ENABLE_OBJC_ARC = YES;
				CLANG_ENABLE_OBJC_WEAK = YES;
				CLANG_WARN_BLOCK_CAPTURE_AUTORELEASING = YES;
				CLANG_WARN_BOOL_CONVERSION = YES;
				CLANG_WARN_COMMA = YES;
				CLANG_WARN_CONSTANT_CONVERSION = YES;
				CLANG_WARN_DEPRECATED_OBJC_IMPLEMENTATIONS = YES;
				CLANG_WARN_DIRECT_OBJC_ISA_USAGE = YES_ERROR;
				CLANG_WARN_DOCUMENTATION_COMMENTS = YES;
				CLANG_WARN_EMPTY_BODY = YES;
				CLANG_WARN_ENUM_CONVERSION = YES;
				CLANG_WARN_INFINITE_RECURSION = YES;
				CLANG_WARN_INT_CONVERSION = YES;
				CLANG_WARN_NON_LITERAL_NULL_CONVERSION = YES;
				CLANG_WARN_OBJC_IMPLICIT_RETAIN_SELF = YES;
				CLANG_WARN_OBJC_LITERAL_CONVERSION = YES;
				CLANG_WARN_OBJC_ROOT_CLASS = YES_ERROR;
				CLANG_WARN_QUOTED_INCLUDE_IN_FRAMEWORK_HEADER = YES;
				CLANG_WARN_RANGE_LOOP_ANALYSIS = YES;
				CLANG_WARN_STRICT_PROTOTYPES = YES;
				CLANG_WARN_SUSPICIOUS_MOVE = YES;
				CLANG_WARN_UNGUARDED_AVAILABILITY = YES_AGGRESSIVE;
				CLANG_WARN_UNREACHABLE_CODE = YES;
				CLANG_WARN__DUPLICATE_METHOD_MATCH = YES;
				COPY_PHASE_STRIP = NO;
				DEBUG_INFORMATION_FORMAT = "dwarf-with-dsym";
				ENABLE_NS_ASSERTIONS = NO;
				ENABLE_STRICT_OBJC_MSGSEND = YES;
				ENABLE_USER_SCRIPT_SANDBOXING = YES;
				GCC_C_LANGUAGE_STANDARD = gnu17;
				GCC_NO_COMMON_BLOCKS = YES;
				GCC_WARN_64_TO_32_BIT_CONVERSION = YES;
				GCC_WARN_ABOUT_RETURN_TYPE = YES_ERROR;
				GCC_WARN_UNDECLARED_SELECTOR = YES;
				GCC_WARN_UNINITIALIZED_AUTOS = YES_AGGRESSIVE;
				GCC_WARN_UNUSED_FUNCTION = YES;
				GCC_WARN_UNUSED_VARIABLE = YES;
				IPHONEOS_DEPLOYMENT_TARGET = 17.0;
				LOCALIZATION_PREFERS_STRING_CATALOGS = YES;
				MTL_ENABLE_DEBUG_INFO = NO;
				MTL_FAST_MATH = YES;
				SDKROOT = iphoneos;
				SWIFT_COMPILATION_MODE = wholemodule;
				VALIDATE_PRODUCT = YES;
			};
			name = Release;
		};
		9784C5602AF4890600742B8C /* Debug */ = {
			isa = XCBuildConfiguration;
			buildSettings = {
				ASSETCATALOG_COMPILER_APPICON_NAME = AppIcon;
				ASSETCATALOG_COMPILER_GLOBAL_ACCENT_COLOR_NAME = AccentColor;
				CODE_SIGN_STYLE = Automatic;
				CURRENT_PROJECT_VERSION = 1;
				DEVELOPMENT_ASSET_PATHS = "\"EverythingShop/Preview Content\"";
				ENABLE_PREVIEWS = YES;
				GENERATE_INFOPLIST_FILE = YES;
				INFOPLIST_KEY_UIApplicationSceneManifest_Generation = YES;
				INFOPLIST_KEY_UIApplicationSupportsIndirectInputEvents = YES;
				INFOPLIST_KEY_UILaunchScreen_Generation = YES;
				INFOPLIST_KEY_UISupportedInterfaceOrientations_iPad = "UIInterfaceOrientationPortrait UIInterfaceOrientationPortraitUpsideDown UIInterfaceOrientationLandscapeLeft UIInterfaceOrientationLandscapeRight";
				INFOPLIST_KEY_UISupportedInterfaceOrientations_iPhone = "UIInterfaceOrientationPortrait UIInterfaceOrientationLandscapeLeft UIInterfaceOrientationLandscapeRight";
				LD_RUNPATH_SEARCH_PATHS = (
					"$(inherited)",
					"@executable_path/Frameworks",
				);
				MARKETING_VERSION = 1.0;
				PRODUCT_BUNDLE_IDENTIFIER = com.EverythingShop;
				PRODUCT_NAME = "$(TARGET_NAME)";
				SWIFT_EMIT_LOC_STRINGS = YES;
				SWIFT_VERSION = 5.0;
				TARGETED_DEVICE_FAMILY = "1,2";
			};
			name = Debug;
		};
		9784C5612AF4890600742B8C /* Release */ = {
			isa = XCBuildConfiguration;
			buildSettings = {
				ASSETCATALOG_COMPILER_APPICON_NAME = AppIcon;
				ASSETCATALOG_COMPILER_GLOBAL_ACCENT_COLOR_NAME = AccentColor;
				CODE_SIGN_STYLE = Automatic;
				CURRENT_PROJECT_VERSION = 1;
				DEVELOPMENT_ASSET_PATHS = "\"EverythingShop/Preview Content\"";
				ENABLE_PREVIEWS = YES;
				GENERATE_INFOPLIST_FILE = YES;
				INFOPLIST_KEY_UIApplicationSceneManifest_Generation = YES;
				INFOPLIST_KEY_UIApplicationSupportsIndirectInputEvents = YES;
				INFOPLIST_KEY_UILaunchScreen_Generation = YES;
				INFOPLIST_KEY_UISupportedInterfaceOrientations_iPad = "UIInterfaceOrientationPortrait UIInterfaceOrientationPortraitUpsideDown UIInterfaceOrientationLandscapeLeft UIInterfaceOrientationLandscapeRight";
				INFOPLIST_KEY_UISupportedInterfaceOrientations_iPhone = "UIInterfaceOrientationPortrait UIInterfaceOrientationLandscapeLeft UIInterfaceOrientationLandscapeRight";
				LD_RUNPATH_SEARCH_PATHS = (
					"$(inherited)",
					"@executable_path/Frameworks",
				);
				MARKETING_VERSION = 1.0;
				PRODUCT_BUNDLE_IDENTIFIER = com.EverythingShop;
				PRODUCT_NAME = "$(TARGET_NAME)";
				SWIFT_EMIT_LOC_STRINGS = YES;
				SWIFT_VERSION = 5.0;
				TARGETED_DEVICE_FAMILY = "1,2";
			};
			name = Release;
		};
/* End XCBuildConfiguration section */

/* Begin XCConfigurationList section */
		9784C54C2AF4890300742B8C /* Build configuration list for PBXProject "EverythingShop" */ = {
			isa = XCConfigurationList;
			buildConfigurations = (
				9784C55D2AF4890600742B8C /* Debug */,
				9784C55E2AF4890600742B8C /* Release */,
			);
			defaultConfigurationIsVisible = 0;
			defaultConfigurationName = Release;
		};
		9784C55F2AF4890600742B8C /* Build configuration list for PBXNativeTarget "EverythingShop" */ = {
			isa = XCConfigurationList;
			buildConfigurations = (
				9784C5602AF4890600742B8C /* Debug */,
				9784C5612AF4890600742B8C /* Release */,
			);
			defaultConfigurationIsVisible = 0;
			defaultConfigurationName = Release;
		};
/* End XCConfigurationList section */
	};
	rootObject = 9784C5492AF4890300742B8C /* Project object */;
}
